
Microsoft Visual Studio Solution File, Format Version 12.00
# Visual Studio 15
VisualStudioVersion = 15.0.28010.2016
MinimumVisualStudioVersion = 10.0.40219.1
Project("{FAE04EC0-301F-11D3-BF4B-00C04F79EFBC}") = "KioskAppNetWrapper", "KioskAppNetWrapper\KioskAppNetWrapper.csproj", "{301BC8D2-8FCA-4440-A71C-5EF2ABCE9B97}"
EndProject
Global
	GlobalSection(SolutionConfigurationPlatforms) = preSolution
		Debug|Any CPU = Debug|Any CPU
		Release|Any CPU = Release|Any CPU
	EndGlobalSection
	GlobalSection(ProjectConfigurationPlatforms) = postSolution
		{301BC8D2-8FCA-4440-A71C-5EF2ABCE9B97}.Debug|Any CPU.ActiveCfg = Debug|Any CPU
		{301BC8D2-8FCA-4440-A71C-5EF2ABCE9B97}.Debug|Any CPU.Build.0 = Debug|Any CPU
		{301BC8D2-8FCA-4440-A71C-5EF2ABCE9B97}.Release|Any CPU.ActiveCfg = Release|Any CPU
		{301BC8D2-8FCA-4440-A71C-5EF2ABCE9B97}.Release|Any CPU.Build.0 = Release|Any CPU
	EndGlobalSection
	GlobalSection(SolutionProperties) = preSolution
		HideSolutionNode = FALSE
	EndGlobalSection
	GlobalSection(ExtensibilityGlobals) = postSolution
		SolutionGuid = {081E63FA-2B7F-4763-A402-D89E8F1DC3D9}
	EndGlobalSection
EndGlobal
